{
  "originHash" : "93e2285e3f28d6223a162873e63947bf670fdeea5621182c5e160a6955ad9f1e",
  "pins" : [
    {
      "identity" : "appsflyerframework-static",
      "kind" : "remoteSourceControl",
      "location" : "https://github.com/AppsFlyerSDK/AppsFlyerFramework-Static.git",
      "state" : {
        "revision" : "ee61c7cd170e72235d9c029ec7df69aaa5a4b623",
        "version" : "6.15.2"
      }
    }
  ],
  "version" : 3
}
